
Microsoft Visual Studio Solution File, Format Version 12.00
# Visual Studio Version 17
VisualStudioVersion = 17.4.33205.214
MinimumVisualStudioVersion = 10.0.40219.1
Project("{FAE04EC0-301F-11D3-BF4B-00C04F79EFBC}") = "csharp ile ders gecme ve harf notu", "csharp ile ders gecme ve harf notu\csharp ile ders gecme ve harf notu.csproj", "{71F90312-CFDE-441C-8955-85E6294BCCB4}"
EndProject
Global
	GlobalSection(SolutionConfigurationPlatforms) = preSolution
		Debug|Any CPU = Debug|Any CPU
		Release|Any CPU = Release|Any CPU
	EndGlobalSection
	GlobalSection(ProjectConfigurationPlatforms) = postSolution
		{71F90312-CFDE-441C-8955-85E6294BCCB4}.Debug|Any CPU.ActiveCfg = Debug|Any CPU
		{71F90312-CFDE-441C-8955-85E6294BCCB4}.Debug|Any CPU.Build.0 = Debug|Any CPU
		{71F90312-CFDE-441C-8955-85E6294BCCB4}.Release|Any CPU.ActiveCfg = Release|Any CPU
		{71F90312-CFDE-441C-8955-85E6294BCCB4}.Release|Any CPU.Build.0 = Release|Any CPU
	EndGlobalSection
	GlobalSection(SolutionProperties) = preSolution
		HideSolutionNode = FALSE
	EndGlobalSection
	GlobalSection(ExtensibilityGlobals) = postSolution
		SolutionGuid = {5F544889-DB1D-429A-9CD6-32F672C9D1D2}
	EndGlobalSection
EndGlobal
